
Microsoft Visual Studio Solution File, Format Version 12.00
Project("{FAE04EC0-301F-11D3-BF4B-00C04F79EFBC}") = "Sorting", "Sorting\Sorting.csproj", "{45F793F8-EC8A-48EE-AFCC-FD71E9C59443}"
EndProject
Project("{FAE04EC0-301F-11D3-BF4B-00C04F79EFBC}") = "SortingTests", "SortingTests\SortingTests.csproj", "{DF6FE5EB-C1BA-4C61-BB15-032C73332BF2}"
EndProject
Global
	GlobalSection(SolutionConfigurationPlatforms) = preSolution
		Debug|Any CPU = Debug|Any CPU
		Release|Any CPU = Release|Any CPU
	EndGlobalSection
	GlobalSection(ProjectConfigurationPlatforms) = postSolution
		{45F793F8-EC8A-48EE-AFCC-FD71E9C59443}.Debug|Any CPU.ActiveCfg = Debug|Any CPU
		{45F793F8-EC8A-48EE-AFCC-FD71E9C59443}.Debug|Any CPU.Build.0 = Debug|Any CPU
		{45F793F8-EC8A-48EE-AFCC-FD71E9C59443}.Release|Any CPU.ActiveCfg = Release|Any CPU
		{45F793F8-EC8A-48EE-AFCC-FD71E9C59443}.Release|Any CPU.Build.0 = Release|Any CPU
		{DF6FE5EB-C1BA-4C61-BB15-032C73332BF2}.Debug|Any CPU.ActiveCfg = Debug|Any CPU
		{DF6FE5EB-C1BA-4C61-BB15-032C73332BF2}.Debug|Any CPU.Build.0 = Debug|Any CPU
		{DF6FE5EB-C1BA-4C61-BB15-032C73332BF2}.Release|Any CPU.ActiveCfg = Release|Any CPU
		{DF6FE5EB-C1BA-4C61-BB15-032C73332BF2}.Release|Any CPU.Build.0 = Release|Any CPU
	EndGlobalSection
EndGlobal
